// !$*UTF8*$!
{
	archiveVersion = 1;
	classes = {
	};
	objectVersion = 50;
	objects = {

/* Begin PBXBuildFile section */
		8768BC4326D66BFA00ECA8F9 /* LigandDataStructures.swift in Sources */ = {isa = PBXBuildFile; fileRef = 8768BC4226D66BFA00ECA8F9 /* LigandDataStructures.swift */; };
		8768BC4726D689D000ECA8F9 /* Geometry.swift in Sources */ = {isa = PBXBuildFile; fileRef = 8768BC4626D689D000ECA8F9 /* Geometry.swift */; };
		87771B2726D5AC2F003C4DD4 /* atoms.json in Resources */ = {isa = PBXBuildFile; fileRef = 87771B2626D5AC2F003C4DD4 /* atoms.json */; };
		87771B2926D5D126003C4DD4 /* AtomView.xib in Resources */ = {isa = PBXBuildFile; fileRef = 87771B2826D5D126003C4DD4 /* AtomView.xib */; };
		87771B2B26D5D607003C4DD4 /* AtomView.swift in Sources */ = {isa = PBXBuildFile; fileRef = 87771B2A26D5D607003C4DD4 /* AtomView.swift */; };
		8777B91F26D6E2A000496C84 /* F.json in Resources */ = {isa = PBXBuildFile; fileRef = 8777B91E26D6E2A000496C84 /* F.json */; };
		87A4788726CEF6B1009E7AD2 /* AppDelegate.swift in Sources */ = {isa = PBXBuildFile; fileRef = 87A4788626CEF6B1009E7AD2 /* AppDelegate.swift */; };
		87A4788926CEF6B1009E7AD2 /* SceneDelegate.swift in Sources */ = {isa = PBXBuildFile; fileRef = 87A4788826CEF6B1009E7AD2 /* SceneDelegate.swift */; };
		87A4788E26CEF6B1009E7AD2 /* Main.storyboard in Resources */ = {isa = PBXBuildFile; fileRef = 87A4788C26CEF6B1009E7AD2 /* Main.storyboard */; };
		87A4789126CEF6B1009E7AD2 /* SwiftyProtein.xcdatamodeld in Sources */ = {isa = PBXBuildFile; fileRef = 87A4788F26CEF6B1009E7AD2 /* SwiftyProtein.xcdatamodeld */; };
		87A4789326CEF6B2009E7AD2 /* Assets.xcassets in Resources */ = {isa = PBXBuildFile; fileRef = 87A4789226CEF6B2009E7AD2 /* Assets.xcassets */; };
		87A4789626CEF6B2009E7AD2 /* LaunchScreen.storyboard in Resources */ = {isa = PBXBuildFile; fileRef = 87A4789426CEF6B2009E7AD2 /* LaunchScreen.storyboard */; };
		87A4789F26CEF9F9009E7AD2 /* LoginViewController.swift in Sources */ = {isa = PBXBuildFile; fileRef = 87A4789D26CEF9F9009E7AD2 /* LoginViewController.swift */; };
		87A478A026CEF9F9009E7AD2 /* LoginViewController.xib in Resources */ = {isa = PBXBuildFile; fileRef = 87A4789E26CEF9F9009E7AD2 /* LoginViewController.xib */; };
		87A478A226CF06E6009E7AD2 /* ListTableViewController.swift in Sources */ = {isa = PBXBuildFile; fileRef = 87A478A126CF06E6009E7AD2 /* ListTableViewController.swift */; };
		87A478A526CF0F57009E7AD2 /* ligands.txt in Resources */ = {isa = PBXBuildFile; fileRef = 87A478A426CF0F57009E7AD2 /* ligands.txt */; };
		87A478A726CF1BA4009E7AD2 /* ListCell.swift in Sources */ = {isa = PBXBuildFile; fileRef = 87A478A626CF1BA4009E7AD2 /* ListCell.swift */; };
		87AC6DC926D38E65006EA237 /* 04G.json in Resources */ = {isa = PBXBuildFile; fileRef = 87AC6DC826D38E65006EA237 /* 04G.json */; };
		87AC6DCB26D3B45A006EA237 /* Network.swift in Sources */ = {isa = PBXBuildFile; fileRef = 87AC6DCA26D3B45A006EA237 /* Network.swift */; };
		87CF9C4B26CFD3F100157A6D /* ProteinViewController.swift in Sources */ = {isa = PBXBuildFile; fileRef = 87CF9C4A26CFD3F100157A6D /* ProteinViewController.swift */; };
		87CF9C4F26CFEA8B00157A6D /* ABA.json in Resources */ = {isa = PBXBuildFile; fileRef = 87CF9C4E26CFEA8B00157A6D /* ABA.json */; };
		87CF9C5126CFF6AC00157A6D /* Atoms.swift in Sources */ = {isa = PBXBuildFile; fileRef = 87CF9C5026CFF6AC00157A6D /* Atoms.swift */; };
/* End PBXBuildFile section */

/* Begin PBXFileReference section */
		8768BC4226D66BFA00ECA8F9 /* LigandDataStructures.swift */ = {isa = PBXFileReference; lastKnownFileType = sourcecode.swift; path = LigandDataStructures.swift; sourceTree = "<group>"; };
		8768BC4626D689D000ECA8F9 /* Geometry.swift */ = {isa = PBXFileReference; lastKnownFileType = sourcecode.swift; path = Geometry.swift; sourceTree = "<group>"; };
		87771B2626D5AC2F003C4DD4 /* atoms.json */ = {isa = PBXFileReference; fileEncoding = 4; lastKnownFileType = text.json; path = atoms.json; sourceTree = "<group>"; };
		87771B2826D5D126003C4DD4 /* AtomView.xib */ = {isa = PBXFileReference; lastKnownFileType = file.xib; path = AtomView.xib; sourceTree = "<group>"; };
		87771B2A26D5D607003C4DD4 /* AtomView.swift */ = {isa = PBXFileReference; lastKnownFileType = sourcecode.swift; path = AtomView.swift; sourceTree = "<group>"; };
		8777B91E26D6E2A000496C84 /* F.json */ = {isa = PBXFileReference; fileEncoding = 4; lastKnownFileType = text.json; path = F.json; sourceTree = "<group>"; };
		87A4788326CEF6B1009E7AD2 /* SwiftyProtein.app */ = {isa = PBXFileReference; explicitFileType = wrapper.application; includeInIndex = 0; path = SwiftyProtein.app; sourceTree = BUILT_PRODUCTS_DIR; };
		87A4788626CEF6B1009E7AD2 /* AppDelegate.swift */ = {isa = PBXFileReference; lastKnownFileType = sourcecode.swift; path = AppDelegate.swift; sourceTree = "<group>"; };
		87A4788826CEF6B1009E7AD2 /* SceneDelegate.swift */ = {isa = PBXFileReference; lastKnownFileType = sourcecode.swift; path = SceneDelegate.swift; sourceTree = "<group>"; };
		87A4788D26CEF6B1009E7AD2 /* Base */ = {isa = PBXFileReference; lastKnownFileType = file.storyboard; name = Base; path = Base.lproj/Main.storyboard; sourceTree = "<group>"; };
		87A4789026CEF6B1009E7AD2 /* SwiftyProtein.xcdatamodel */ = {isa = PBXFileReference; lastKnownFileType = wrapper.xcdatamodel; path = SwiftyProtein.xcdatamodel; sourceTree = "<group>"; };
		87A4789226CEF6B2009E7AD2 /* Assets.xcassets */ = {isa = PBXFileReference; lastKnownFileType = folder.assetcatalog; path = Assets.xcassets; sourceTree = "<group>"; };
		87A4789526CEF6B2009E7AD2 /* Base */ = {isa = PBXFileReference; lastKnownFileType = file.storyboard; name = Base; path = Base.lproj/LaunchScreen.storyboard; sourceTree = "<group>"; };
		87A4789726CEF6B2009E7AD2 /* Info.plist */ = {isa = PBXFileReference; lastKnownFileType = text.plist.xml; path = Info.plist; sourceTree = "<group>"; };
		87A4789D26CEF9F9009E7AD2 /* LoginViewController.swift */ = {isa = PBXFileReference; lastKnownFileType = sourcecode.swift; path = LoginViewController.swift; sourceTree = "<group>"; };
		87A4789E26CEF9F9009E7AD2 /* LoginViewController.xib */ = {isa = PBXFileReference; lastKnownFileType = file.xib; path = LoginViewController.xib; sourceTree = "<group>"; };
		87A478A126CF06E6009E7AD2 /* ListTableViewController.swift */ = {isa = PBXFileReference; lastKnownFileType = sourcecode.swift; path = ListTableViewController.swift; sourceTree = "<group>"; };
		87A478A426CF0F57009E7AD2 /* ligands.txt */ = {isa = PBXFileReference; fileEncoding = 4; lastKnownFileType = text; path = ligands.txt; sourceTree = "<group>"; };
		87A478A626CF1BA4009E7AD2 /* ListCell.swift */ = {isa = PBXFileReference; lastKnownFileType = sourcecode.swift; path = ListCell.swift; sourceTree = "<group>"; };
		87AC6DC826D38E65006EA237 /* 04G.json */ = {isa = PBXFileReference; fileEncoding = 4; lastKnownFileType = text.json; path = 04G.json; sourceTree = "<group>"; };
		87AC6DCA26D3B45A006EA237 /* Network.swift */ = {isa = PBXFileReference; lastKnownFileType = sourcecode.swift; path = Network.swift; sourceTree = "<group>"; };
		87CF9C4A26CFD3F100157A6D /* ProteinViewController.swift */ = {isa = PBXFileReference; lastKnownFileType = sourcecode.swift; path = ProteinViewController.swift; sourceTree = "<group>"; };
		87CF9C4E26CFEA8B00157A6D /* ABA.json */ = {isa = PBXFileReference; fileEncoding = 4; lastKnownFileType = text.json; path = ABA.json; sourceTree = "<group>"; };
		87CF9C5026CFF6AC00157A6D /* Atoms.swift */ = {isa = PBXFileReference; lastKnownFileType = sourcecode.swift; path = Atoms.swift; sourceTree = "<group>"; };
/* End PBXFileReference section */

/* Begin PBXFrameworksBuildPhase section */
		87A4788026CEF6B1009E7AD2 /* Frameworks */ = {
			isa = PBXFrameworksBuildPhase;
			buildActionMask = 2147483647;
			files = (
			);
			runOnlyForDeploymentPostprocessing = 0;
		};
/* End PBXFrameworksBuildPhase section */

/* Begin PBXGroup section */
		8768BC4426D66C8300ECA8F9 /* Models */ = {
			isa = PBXGroup;
			children = (
				8777B91E26D6E2A000496C84 /* F.json */,
				87CF9C4E26CFEA8B00157A6D /* ABA.json */,
				87AC6DC826D38E65006EA237 /* 04G.json */,
				87771B2626D5AC2F003C4DD4 /* atoms.json */,
			);
			path = Models;
			sourceTree = "<group>";
		};
		8768BC4526D689B300ECA8F9 /* Utils */ = {
			isa = PBXGroup;
			children = (
				8768BC4626D689D000ECA8F9 /* Geometry.swift */,
			);
			path = Utils;
			sourceTree = "<group>";
		};
		87A4787A26CEF6B0009E7AD2 = {
			isa = PBXGroup;
			children = (
				87A4788526CEF6B1009E7AD2 /* SwiftyProtein */,
				87A4788426CEF6B1009E7AD2 /* Products */,
			);
			sourceTree = "<group>";
		};
		87A4788426CEF6B1009E7AD2 /* Products */ = {
			isa = PBXGroup;
			children = (
				87A4788326CEF6B1009E7AD2 /* SwiftyProtein.app */,
			);
			name = Products;
			sourceTree = "<group>";
		};
		87A4788526CEF6B1009E7AD2 /* SwiftyProtein */ = {
			isa = PBXGroup;
			children = (
				8768BC4526D689B300ECA8F9 /* Utils */,
				8768BC4426D66C8300ECA8F9 /* Models */,
				87A478A326CF0F16009E7AD2 /* Ligands */,
				87A4788626CEF6B1009E7AD2 /* AppDelegate.swift */,
				87A4788826CEF6B1009E7AD2 /* SceneDelegate.swift */,
				87A4788C26CEF6B1009E7AD2 /* Main.storyboard */,
				87A4789226CEF6B2009E7AD2 /* Assets.xcassets */,
				87A4789426CEF6B2009E7AD2 /* LaunchScreen.storyboard */,
				87A4789726CEF6B2009E7AD2 /* Info.plist */,
				87A4788F26CEF6B1009E7AD2 /* SwiftyProtein.xcdatamodeld */,
				87A4789D26CEF9F9009E7AD2 /* LoginViewController.swift */,
				87A4789E26CEF9F9009E7AD2 /* LoginViewController.xib */,
				87A478A126CF06E6009E7AD2 /* ListTableViewController.swift */,
				87A478A626CF1BA4009E7AD2 /* ListCell.swift */,
				87CF9C4A26CFD3F100157A6D /* ProteinViewController.swift */,
				87AC6DCA26D3B45A006EA237 /* Network.swift */,
				87CF9C5026CFF6AC00157A6D /* Atoms.swift */,
				87771B2826D5D126003C4DD4 /* AtomView.xib */,
				87771B2A26D5D607003C4DD4 /* AtomView.swift */,
				8768BC4226D66BFA00ECA8F9 /* LigandDataStructures.swift */,
			);
			path = SwiftyProtein;
			sourceTree = "<group>";
		};
		87A478A326CF0F16009E7AD2 /* Ligands */ = {
			isa = PBXGroup;
			children = (
				87A478A426CF0F57009E7AD2 /* ligands.txt */,
			);
			path = Ligands;
			sourceTree = "<group>";
		};
/* End PBXGroup section */

/* Begin PBXNativeTarget section */
		87A4788226CEF6B1009E7AD2 /* SwiftyProtein */ = {
			isa = PBXNativeTarget;
			buildConfigurationList = 87A4789A26CEF6B2009E7AD2 /* Build configuration list for PBXNativeTarget "SwiftyProtein" */;
			buildPhases = (
				87A4787F26CEF6B1009E7AD2 /* Sources */,
				87A4788026CEF6B1009E7AD2 /* Frameworks */,
				87A4788126CEF6B1009E7AD2 /* Resources */,
			);
			buildRules = (
			);
			dependencies = (
			);
			name = SwiftyProtein;
			productName = SwiftyProtein;
			productReference = 87A4788326CEF6B1009E7AD2 /* SwiftyProtein.app */;
			productType = "com.apple.product-type.application";
		};
/* End PBXNativeTarget section */

/* Begin PBXProject section */
		87A4787B26CEF6B0009E7AD2 /* Project object */ = {
			isa = PBXProject;
			attributes = {
				LastSwiftUpdateCheck = 1250;
				LastUpgradeCheck = 1250;
				TargetAttributes = {
					87A4788226CEF6B1009E7AD2 = {
						CreatedOnToolsVersion = 12.5.1;
					};
				};
			};
			buildConfigurationList = 87A4787E26CEF6B0009E7AD2 /* Build configuration list for PBXProject "SwiftyProtein" */;
			compatibilityVersion = "Xcode 9.3";
			developmentRegion = en;
			hasScannedForEncodings = 0;
			knownRegions = (
				en,
				Base,
			);
			mainGroup = 87A4787A26CEF6B0009E7AD2;
			productRefGroup = 87A4788426CEF6B1009E7AD2 /* Products */;
			projectDirPath = "";
			projectRoot = "";
			targets = (
				87A4788226CEF6B1009E7AD2 /* SwiftyProtein */,
			);
		};
/* End PBXProject section */

/* Begin PBXResourcesBuildPhase section */
		87A4788126CEF6B1009E7AD2 /* Resources */ = {
			isa = PBXResourcesBuildPhase;
			buildActionMask = 2147483647;
			files = (
				8777B91F26D6E2A000496C84 /* F.json in Resources */,
				87CF9C4F26CFEA8B00157A6D /* ABA.json in Resources */,
				87771B2926D5D126003C4DD4 /* AtomView.xib in Resources */,
				87A478A026CEF9F9009E7AD2 /* LoginViewController.xib in Resources */,
				87AC6DC926D38E65006EA237 /* 04G.json in Resources */,
				87A478A526CF0F57009E7AD2 /* ligands.txt in Resources */,
				87A4789626CEF6B2009E7AD2 /* LaunchScreen.storyboard in Resources */,
				87A4789326CEF6B2009E7AD2 /* Assets.xcassets in Resources */,
				87A4788E26CEF6B1009E7AD2 /* Main.storyboard in Resources */,
				87771B2726D5AC2F003C4DD4 /* atoms.json in Resources */,
			);
			runOnlyForDeploymentPostprocessing = 0;
		};
/* End PBXResourcesBuildPhase section */

/* Begin PBXSourcesBuildPhase section */
		87A4787F26CEF6B1009E7AD2 /* Sources */ = {
			isa = PBXSourcesBuildPhase;
			buildActionMask = 2147483647;
			files = (
				8768BC4326D66BFA00ECA8F9 /* LigandDataStructures.swift in Sources */,
				8768BC4726D689D000ECA8F9 /* Geometry.swift in Sources */,
				87A4789126CEF6B1009E7AD2 /* SwiftyProtein.xcdatamodeld in Sources */,
				87771B2B26D5D607003C4DD4 /* AtomView.swift in Sources */,
				87A4788726CEF6B1009E7AD2 /* AppDelegate.swift in Sources */,
				87A478A226CF06E6009E7AD2 /* ListTableViewController.swift in Sources */,
				87A478A726CF1BA4009E7AD2 /* ListCell.swift in Sources */,
				87CF9C4B26CFD3F100157A6D /* ProteinViewController.swift in Sources */,
				87AC6DCB26D3B45A006EA237 /* Network.swift in Sources */,
				87A4789F26CEF9F9009E7AD2 /* LoginViewController.swift in Sources */,
				87CF9C5126CFF6AC00157A6D /* Atoms.swift in Sources */,
				87A4788926CEF6B1009E7AD2 /* SceneDelegate.swift in Sources */,
			);
			runOnlyForDeploymentPostprocessing = 0;
		};
/* End PBXSourcesBuildPhase section */

/* Begin PBXVariantGroup section */
		87A4788C26CEF6B1009E7AD2 /* Main.storyboard */ = {
			isa = PBXVariantGroup;
			children = (
				87A4788D26CEF6B1009E7AD2 /* Base */,
			);
			name = Main.storyboard;
			sourceTree = "<group>";
		};
		87A4789426CEF6B2009E7AD2 /* LaunchScreen.storyboard */ = {
			isa = PBXVariantGroup;
			children = (
				87A4789526CEF6B2009E7AD2 /* Base */,
			);
			name = LaunchScreen.storyboard;
			sourceTree = "<group>";
		};
/* End PBXVariantGroup section */

/* Begin XCBuildConfiguration section */
		87A4789826CEF6B2009E7AD2 /* Debug */ = {
			isa = XCBuildConfiguration;
			buildSettings = {
				ALWAYS_SEARCH_USER_PATHS = NO;
				CLANG_ANALYZER_NONNULL = YES;
				CLANG_ANALYZER_NUMBER_OBJECT_CONVERSION = YES_AGGRESSIVE;
				CLANG_CXX_LANGUAGE_STANDARD = "gnu++14";
				CLANG_CXX_LIBRARY = "libc++";
				CLANG_ENABLE_MODULES = YES;
				CLANG_ENABLE_OBJC_ARC = YES;
				CLANG_ENABLE_OBJC_WEAK = YES;
				CLANG_WARN_BLOCK_CAPTURE_AUTORELEASING = YES;
				CLANG_WARN_BOOL_CONVERSION = YES;
				CLANG_WARN_COMMA = YES;
				CLANG_WARN_CONSTANT_CONVERSION = YES;
				CLANG_WARN_DEPRECATED_OBJC_IMPLEMENTATIONS = YES;
				CLANG_WARN_DIRECT_OBJC_ISA_USAGE = YES_ERROR;
				CLANG_WARN_DOCUMENTATION_COMMENTS = YES;
				CLANG_WARN_EMPTY_BODY = YES;
				CLANG_WARN_ENUM_CONVERSION = YES;
				CLANG_WARN_INFINITE_RECURSION = YES;
				CLANG_WARN_INT_CONVERSION = YES;
				CLANG_WARN_NON_LITERAL_NULL_CONVERSION = YES;
				CLANG_WARN_OBJC_IMPLICIT_RETAIN_SELF = YES;
				CLANG_WARN_OBJC_LITERAL_CONVERSION = YES;
				CLANG_WARN_OBJC_ROOT_CLASS = YES_ERROR;
				CLANG_WARN_QUOTED_INCLUDE_IN_FRAMEWORK_HEADER = YES;
				CLANG_WARN_RANGE_LOOP_ANALYSIS = YES;
				CLANG_WARN_STRICT_PROTOTYPES = YES;
				CLANG_WARN_SUSPICIOUS_MOVE = YES;
				CLANG_WARN_UNGUARDED_AVAILABILITY = YES_AGGRESSIVE;
				CLANG_WARN_UNREACHABLE_CODE = YES;
				CLANG_WARN__DUPLICATE_METHOD_MATCH = YES;
				COPY_PHASE_STRIP = NO;
				DEBUG_INFORMATION_FORMAT = dwarf;
				ENABLE_STRICT_OBJC_MSGSEND = YES;
				ENABLE_TESTABILITY = YES;
				GCC_C_LANGUAGE_STANDARD = gnu11;
				GCC_DYNAMIC_NO_PIC = NO;
				GCC_NO_COMMON_BLOCKS = YES;
				GCC_OPTIMIZATION_LEVEL = 0;
				GCC_PREPROCESSOR_DEFINITIONS = (
					"DEBUG=1",
					"$(inherited)",
				);
				GCC_WARN_64_TO_32_BIT_CONVERSION = YES;
				GCC_WARN_ABOUT_RETURN_TYPE = YES_ERROR;
				GCC_WARN_UNDECLARED_SELECTOR = YES;
				GCC_WARN_UNINITIALIZED_AUTOS = YES_AGGRESSIVE;
				GCC_WARN_UNUSED_FUNCTION = YES;
				GCC_WARN_UNUSED_VARIABLE = YES;
				IPHONEOS_DEPLOYMENT_TARGET = 14.5;
				MTL_ENABLE_DEBUG_INFO = INCLUDE_SOURCE;
				MTL_FAST_MATH = YES;
				ONLY_ACTIVE_ARCH = YES;
				SDKROOT = iphoneos;
				SWIFT_ACTIVE_COMPILATION_CONDITIONS = DEBUG;
				SWIFT_OPTIMIZATION_LEVEL = "-Onone";
			};
			name = Debug;
		};
		87A4789926CEF6B2009E7AD2 /* Release */ = {
			isa = XCBuildConfiguration;
			buildSettings = {
				ALWAYS_SEARCH_USER_PATHS = NO;
				CLANG_ANALYZER_NONNULL = YES;
				CLANG_ANALYZER_NUMBER_OBJECT_CONVERSION = YES_AGGRESSIVE;
				CLANG_CXX_LANGUAGE_STANDARD = "gnu++14";
				CLANG_CXX_LIBRARY = "libc++";
				CLANG_ENABLE_MODULES = YES;
				CLANG_ENABLE_OBJC_ARC = YES;
				CLANG_ENABLE_OBJC_WEAK = YES;
				CLANG_WARN_BLOCK_CAPTURE_AUTORELEASING = YES;
				CLANG_WARN_BOOL_CONVERSION = YES;
				CLANG_WARN_COMMA = YES;
				CLANG_WARN_CONSTANT_CONVERSION = YES;
				CLANG_WARN_DEPRECATED_OBJC_IMPLEMENTATIONS = YES;
				CLANG_WARN_DIRECT_OBJC_ISA_USAGE = YES_ERROR;
				CLANG_WARN_DOCUMENTATION_COMMENTS = YES;
				CLANG_WARN_EMPTY_BODY = YES;
				CLANG_WARN_ENUM_CONVERSION = YES;
				CLANG_WARN_INFINITE_RECURSION = YES;
				CLANG_WARN_INT_CONVERSION = YES;
				CLANG_WARN_NON_LITERAL_NULL_CONVERSION = YES;
				CLANG_WARN_OBJC_IMPLICIT_RETAIN_SELF = YES;
				CLANG_WARN_OBJC_LITERAL_CONVERSION = YES;
				CLANG_WARN_OBJC_ROOT_CLASS = YES_ERROR;
				CLANG_WARN_QUOTED_INCLUDE_IN_FRAMEWORK_HEADER = YES;
				CLANG_WARN_RANGE_LOOP_ANALYSIS = YES;
				CLANG_WARN_STRICT_PROTOTYPES = YES;
				CLANG_WARN_SUSPICIOUS_MOVE = YES;
				CLANG_WARN_UNGUARDED_AVAILABILITY = YES_AGGRESSIVE;
				CLANG_WARN_UNREACHABLE_CODE = YES;
				CLANG_WARN__DUPLICATE_METHOD_MATCH = YES;
				COPY_PHASE_STRIP = NO;
				DEBUG_INFORMATION_FORMAT = "dwarf-with-dsym";
				ENABLE_NS_ASSERTIONS = NO;
				ENABLE_STRICT_OBJC_MSGSEND = YES;
				GCC_C_LANGUAGE_STANDARD = gnu11;
				GCC_NO_COMMON_BLOCKS = YES;
				GCC_WARN_64_TO_32_BIT_CONVERSION = YES;
				GCC_WARN_ABOUT_RETURN_TYPE = YES_ERROR;
				GCC_WARN_UNDECLARED_SELECTOR = YES;
				GCC_WARN_UNINITIALIZED_AUTOS = YES_AGGRESSIVE;
				GCC_WARN_UNUSED_FUNCTION = YES;
				GCC_WARN_UNUSED_VARIABLE = YES;
				IPHONEOS_DEPLOYMENT_TARGET = 14.5;
				MTL_ENABLE_DEBUG_INFO = NO;
				MTL_FAST_MATH = YES;
				SDKROOT = iphoneos;
				SWIFT_COMPILATION_MODE = wholemodule;
				SWIFT_OPTIMIZATION_LEVEL = "-O";
				VALIDATE_PRODUCT = YES;
			};
			name = Release;
		};
		87A4789B26CEF6B2009E7AD2 /* Debug */ = {
			isa = XCBuildConfiguration;
			buildSettings = {
				ASSETCATALOG_COMPILER_APPICON_NAME = AppIcon;
				ASSETCATALOG_COMPILER_GLOBAL_ACCENT_COLOR_NAME = AccentColor;
				CODE_SIGN_STYLE = Automatic;
				DEVELOPMENT_TEAM = AX6R3S6HFV;
				INFOPLIST_FILE = SwiftyProtein/Info.plist;
				LD_RUNPATH_SEARCH_PATHS = (
					"$(inherited)",
					"@executable_path/Frameworks",
				);
				PRODUCT_BUNDLE_IDENTIFIER = com.sergeygryaznov.SwiftyProtein;
				PRODUCT_NAME = "$(TARGET_NAME)";
				SWIFT_VERSION = 5.0;
				TARGETED_DEVICE_FAMILY = "1,2";
			};
			name = Debug;
		};
		87A4789C26CEF6B2009E7AD2 /* Release */ = {
			isa = XCBuildConfiguration;
			buildSettings = {
				ASSETCATALOG_COMPILER_APPICON_NAME = AppIcon;
				ASSETCATALOG_COMPILER_GLOBAL_ACCENT_COLOR_NAME = AccentColor;
				CODE_SIGN_STYLE = Automatic;
				DEVELOPMENT_TEAM = AX6R3S6HFV;
				INFOPLIST_FILE = SwiftyProtein/Info.plist;
				LD_RUNPATH_SEARCH_PATHS = (
					"$(inherited)",
					"@executable_path/Frameworks",
				);
				PRODUCT_BUNDLE_IDENTIFIER = com.sergeygryaznov.SwiftyProtein;
				PRODUCT_NAME = "$(TARGET_NAME)";
				SWIFT_VERSION = 5.0;
				TARGETED_DEVICE_FAMILY = "1,2";
			};
			name = Release;
		};
/* End XCBuildConfiguration section */

/* Begin XCConfigurationList section */
		87A4787E26CEF6B0009E7AD2 /* Build configuration list for PBXProject "SwiftyProtein" */ = {
			isa = XCConfigurationList;
			buildConfigurations = (
				87A4789826CEF6B2009E7AD2 /* Debug */,
				87A4789926CEF6B2009E7AD2 /* Release */,
			);
			defaultConfigurationIsVisible = 0;
			defaultConfigurationName = Release;
		};
		87A4789A26CEF6B2009E7AD2 /* Build configuration list for PBXNativeTarget "SwiftyProtein" */ = {
			isa = XCConfigurationList;
			buildConfigurations = (
				87A4789B26CEF6B2009E7AD2 /* Debug */,
				87A4789C26CEF6B2009E7AD2 /* Release */,
			);
			defaultConfigurationIsVisible = 0;
			defaultConfigurationName = Release;
		};
/* End XCConfigurationList section */

/* Begin XCVersionGroup section */
		87A4788F26CEF6B1009E7AD2 /* SwiftyProtein.xcdatamodeld */ = {
			isa = XCVersionGroup;
			children = (
				87A4789026CEF6B1009E7AD2 /* SwiftyProtein.xcdatamodel */,
			);
			currentVersion = 87A4789026CEF6B1009E7AD2 /* SwiftyProtein.xcdatamodel */;
			path = SwiftyProtein.xcdatamodeld;
			sourceTree = "<group>";
			versionGroupType = wrapper.xcdatamodel;
		};
/* End XCVersionGroup section */
	};
	rootObject = 87A4787B26CEF6B0009E7AD2 /* Project object */;
}
